
Microsoft Visual Studio Solution File, Format Version 12.00
# Visual Studio Version 17
VisualStudioVersion = 17.4.33213.308
MinimumVisualStudioVersion = 10.0.40219.1
Project("{FAE04EC0-301F-11D3-BF4B-00C04F79EFBC}") = "HangmanByAtanas", "HangmanByAtanas\HangmanByAtanas.csproj", "{C2FBFEFC-05E6-4628-BAF8-C9011949CDBC}"
EndProject
Global
	GlobalSection(SolutionConfigurationPlatforms) = preSolution
		Debug|Any CPU = Debug|Any CPU
		Release|Any CPU = Release|Any CPU
	EndGlobalSection
	GlobalSection(ProjectConfigurationPlatforms) = postSolution
		{C2FBFEFC-05E6-4628-BAF8-C9011949CDBC}.Debug|Any CPU.ActiveCfg = Debug|Any CPU
		{C2FBFEFC-05E6-4628-BAF8-C9011949CDBC}.Debug|Any CPU.Build.0 = Debug|Any CPU
		{C2FBFEFC-05E6-4628-BAF8-C9011949CDBC}.Release|Any CPU.ActiveCfg = Release|Any CPU
		{C2FBFEFC-05E6-4628-BAF8-C9011949CDBC}.Release|Any CPU.Build.0 = Release|Any CPU
	EndGlobalSection
	GlobalSection(SolutionProperties) = preSolution
		HideSolutionNode = FALSE
	EndGlobalSection
	GlobalSection(ExtensibilityGlobals) = postSolution
		SolutionGuid = {CA94539D-9941-4907-924A-EFBB549864F6}
	EndGlobalSection
EndGlobal
